
Microsoft Visual Studio Solution File, Format Version 12.00
# Visual Studio Version 16
VisualStudioVersion = 16.0.31129.286
MinimumVisualStudioVersion = 10.0.40219.1
Project("{9A19103F-16F7-4668-BE54-9A1E7A4F7556}") = "Catalog.API", "Services\Catalog\Catalog.API\Catalog.API.csproj", "{99D744DC-482A-4100-9568-CCBDCB0FEB86}"
EndProject
Project("{E53339B2-1760-4266-BCC7-CA923CBCF16C}") = "docker-compose", "docker-compose.dcproj", "{AD894550-EBBB-4CA4-AF16-DDA8B28FD61E}"
EndProject
Global
	GlobalSection(SolutionConfigurationPlatforms) = preSolution
		Debug|Any CPU = Debug|Any CPU
		Release|Any CPU = Release|Any CPU
	EndGlobalSection
	GlobalSection(ProjectConfigurationPlatforms) = postSolution
		{99D744DC-482A-4100-9568-CCBDCB0FEB86}.Debug|Any CPU.ActiveCfg = Debug|Any CPU
		{99D744DC-482A-4100-9568-CCBDCB0FEB86}.Debug|Any CPU.Build.0 = Debug|Any CPU
		{99D744DC-482A-4100-9568-CCBDCB0FEB86}.Release|Any CPU.ActiveCfg = Release|Any CPU
		{99D744DC-482A-4100-9568-CCBDCB0FEB86}.Release|Any CPU.Build.0 = Release|Any CPU
		{AD894550-EBBB-4CA4-AF16-DDA8B28FD61E}.Debug|Any CPU.ActiveCfg = Debug|Any CPU
		{AD894550-EBBB-4CA4-AF16-DDA8B28FD61E}.Debug|Any CPU.Build.0 = Debug|Any CPU
		{AD894550-EBBB-4CA4-AF16-DDA8B28FD61E}.Release|Any CPU.ActiveCfg = Release|Any CPU
		{AD894550-EBBB-4CA4-AF16-DDA8B28FD61E}.Release|Any CPU.Build.0 = Release|Any CPU
	EndGlobalSection
	GlobalSection(SolutionProperties) = preSolution
		HideSolutionNode = FALSE
	EndGlobalSection
	GlobalSection(ExtensibilityGlobals) = postSolution
		SolutionGuid = {D7101D8F-65AF-43E8-9765-31DB4A2E865E}
	EndGlobalSection
EndGlobal
